
Microsoft Visual Studio Solution File, Format Version 12.00
# Visual Studio Version 17
VisualStudioVersion = 17.2.32630.192
MinimumVisualStudioVersion = 10.0.40219.1
Project("{FAE04EC0-301F-11D3-BF4B-00C04F79EFBC}") = "Ajax", "Ajax\Ajax.csproj", "{F18499DF-51AD-420D-865A-AEDBD8D3C789}"
EndProject
Global
	GlobalSection(SolutionConfigurationPlatforms) = preSolution
		Debug|Any CPU = Debug|Any CPU
		Release|Any CPU = Release|Any CPU
	EndGlobalSection
	GlobalSection(ProjectConfigurationPlatforms) = postSolution
		{F18499DF-51AD-420D-865A-AEDBD8D3C789}.Debug|Any CPU.ActiveCfg = Debug|Any CPU
		{F18499DF-51AD-420D-865A-AEDBD8D3C789}.Debug|Any CPU.Build.0 = Debug|Any CPU
		{F18499DF-51AD-420D-865A-AEDBD8D3C789}.Release|Any CPU.ActiveCfg = Release|Any CPU
		{F18499DF-51AD-420D-865A-AEDBD8D3C789}.Release|Any CPU.Build.0 = Release|Any CPU
	EndGlobalSection
	GlobalSection(SolutionProperties) = preSolution
		HideSolutionNode = FALSE
	EndGlobalSection
	GlobalSection(ExtensibilityGlobals) = postSolution
		SolutionGuid = {4DF50527-D8B3-4F12-B30C-383EEBC9B80A}
	EndGlobalSection
EndGlobal
